{
  "name": "chattery",
  "lockfileVersion": 3,
  "requires": true,
  "packages": {
    "": {
      "dependencies": {
        "@tailwindcss/cli": "^4.1.10",
        "tailwindcss": "^4.1.16"
      },
      "devDependencies": {
        "daisyui": "^5.0.37"
      }
    },
    "node_modules/@ampproject/remapping": {
      "version": "2.3.0",
      "resolved": "https://artifactory.s.o3.ru/artifactory/api/npm/npm-all-virtual/@ampproject/remapping/-/remapping-2.3.0.tgz",
      "integrity": "sha1-7UQbb6YAByUgzhi0PSyMyMrsx/Q=",
      "license": "Apache-2.0",
      "dependencies": {
        "@jridgewell/gen-mapping": "^0.3.5",
        "@jridgewell/trace-mapping": "^0.3.24"
      },
      "engines": {
        "node": ">=6.0.0"
      }
    },
    "node_modules/@isaacs/fs-minipass": {
      "version": "4.0.1",
      "resolved": "https://artifactory.s.o3.ru/artifactory/api/npm/npm-all-virtual/@isaacs/fs-minipass/-/fs-minipass-4.0.1.tgz",
      "integrity": "sha1-LVmuOrSzj7QnC/oj0w+OLobH/jI=",
      "license": "ISC",
      "dependencies": {
        "minipass": "^7.0.4"
      },
      "engines": {
        "node": ">=18.0.0"
      }
    },
    "node_modules/@jridgewell/gen-mapping": {
      "version": "0.3.13",
      "resolved": "https://artifactory.s.o3.ru/artifactory/api/npm/npm-all-virtual/@jridgewell/gen-mapping/-/gen-mapping-0.3.13.tgz",
      "integrity": "sha1-Y0Khn0Q0dRjJPkOxrGnes8Rlah8=",
      "license": "MIT",
      "dependencies": {
        "@jridgewell/sourcemap-codec": "^1.5.0",
        "@jridgewell/trace-mapping": "^0.3.24"
      }
    },
    "node_modules/@jridgewell/resolve-uri": {
      "version": "3.1.2",
      "resolved": "https://artifactory.s.o3.ru/artifactory/api/npm/npm-all-virtual/@jridgewell/resolve-uri/-/resolve-uri-3.1.2.tgz",
      "integrity": "sha1-eg7mAfYPmaIMfHxf8MgDiMEYm9Y=",
      "license": "MIT",
      "engines": {
        "node": ">=6.0.0"
      }
    },
    "node_modules/@jridgewell/sourcemap-codec": {
      "version": "1.5.5",
      "resolved": "https://artifactory.s.o3.ru/artifactory/api/npm/npm-all-virtual/@jridgewell/sourcemap-codec/-/sourcemap-codec-1.5.5.tgz",
      "integrity": "sha1-aRKwDSxjHA0Vzhp6tXzWV/Ko+Lo=",
      "license": "MIT"
    },
    "node_modules/@jridgewell/trace-mapping": {
      "version": "0.3.31",
      "resolved": "https://artifactory.s.o3.ru/artifactory/api/npm/npm-all-virtual/@jridgewell/trace-mapping/-/trace-mapping-0.3.31.tgz",
      "integrity": "sha1-2xXWeByTHzolGj2sOVAcmKYIL9A=",
      "license": "MIT",
      "dependencies": {
        "@jridgewell/resolve-uri": "^3.1.0",
        "@jridgewell/sourcemap-codec": "^1.4.14"
      }
    },
    "node_modules/@parcel/watcher": {
      "version": "2.5.1",
      "resolved": "https://artifactory.s.o3.ru/artifactory/api/npm/npm-all-virtual/@parcel/watcher/-/watcher-2.5.1.tgz",
      "integrity": "sha1-NCUHqc+q8XJHmogjCd7x6ZH7EgA=",
      "hasInstallScript": true,
      "license": "MIT",
      "dependencies": {
        "detect-libc": "^1.0.3",
        "is-glob": "^4.0.3",
        "micromatch": "^4.0.5",
        "node-addon-api": "^7.0.0"
      },
      "engines": {
        "node": ">= 10.0.0"
      },
      "funding": {
        "type": "opencollective",
        "url": "https://opencollective.com/parcel"
      },
      "optionalDependencies": {
        "@parcel/watcher-android-arm64": "2.5.1",
        "@parcel/watcher-darwin-arm64": "2.5.1",
        "@parcel/watcher-darwin-x64": "2.5.1",
        "@parcel/watcher-freebsd-x64": "2.5.1",
        "@parcel/watcher-linux-arm-glibc": "2.5.1",
        "@parcel/watcher-linux-arm-musl": "2.5.1",
        "@parcel/watcher-linux-arm64-glibc": "2.5.1",
        "@parcel/watcher-linux-arm64-musl": "2.5.1",
        "@parcel/watcher-linux-x64-glibc": "2.5.1",
        "@parcel/watcher-linux-x64-musl": "2.5.1",
        "@parcel/watcher-win32-arm64": "2.5.1",
        "@parcel/watcher-win32-ia32": "2.5.1",
        "@parcel/watcher-win32-x64": "2.5.1"
      }
    },
    "node_modules/@parcel/watcher-android-arm64": {
      "version": "2.5.1",
      "resolved": "https://artifactory.s.o3.ru/artifactory/api/npm/npm-all-virtual/@parcel/watcher-android-arm64/-/watcher-android-arm64-2.5.1.tgz",
      "integrity": "sha1-UH+DbX4gQveYx9B60Zw1RvmEisE=",
      "cpu": [
        "arm64"
      ],
      "license": "MIT",
      "optional": true,
      "os": [
        "android"
      ],
      "engines": {
        "node": ">= 10.0.0"
      },
      "funding": {
        "type": "opencollective",
        "url": "https://opencollective.com/parcel"
      }
    },
    "node_modules/@parcel/watcher-darwin-arm64": {
      "version": "2.5.1",
      "resolved": "https://artifactory.s.o3.ru/artifactory/api/npm/npm-all-virtual/@parcel/watcher-darwin-arm64/-/watcher-darwin-arm64-2.5.1.tgz",
      "integrity": "sha1-PSbc443mWQ73nEfsLFV5PAatT2c=",
      "cpu": [
        "arm64"
      ],
      "license": "MIT",
      "optional": true,
      "os": [
        "darwin"
      ],
      "engines": {
        "node": ">= 10.0.0"
      },
      "funding": {
        "type": "opencollective",
        "url": "https://opencollective.com/parcel"
      }
    },
    "node_modules/@parcel/watcher-darwin-x64": {
      "version": "2.5.1",
      "resolved": "https://artifactory.s.o3.ru/artifactory/api/npm/npm-all-virtual/@parcel/watcher-darwin-x64/-/watcher-darwin-x64-2.5.1.tgz",
      "integrity": "sha1-mfOvOGkGnM93Tk3fzPfmT9IxHvg=",
      "cpu": [
        "x64"
      ],
      "license": "MIT",
      "optional": true,
      "os": [
        "darwin"
      ],
      "engines": {
        "node": ">= 10.0.0"
      },
      "funding": {
        "type": "opencollective",
        "url": "https://opencollective.com/parcel"
      }
    },
    "node_modules/@parcel/watcher-freebsd-x64": {
      "version": "2.5.1",
      "resolved": "https://artifactory.s.o3.ru/artifactory/api/npm/npm-all-virtual/@parcel/watcher-freebsd-x64/-/watcher-freebsd-x64-2.5.1.tgz",
      "integrity": "sha1-FNaFd0Gp9R3+UdWwi3yK/bxzrZs=",
      "cpu": [
        "x64"
      ],
      "license": "MIT",
      "optional": true,
      "os": [
        "freebsd"
      ],
      "engines": {
        "node": ">= 10.0.0"
      },
      "funding": {
        "type": "opencollective",
        "url": "https://opencollective.com/parcel"
      }
    },
    "node_modules/@parcel/watcher-linux-arm-glibc": {
      "version": "2.5.1",
      "resolved": "https://artifactory.s.o3.ru/artifactory/api/npm/npm-all-virtual/@parcel/watcher-linux-arm-glibc/-/watcher-linux-arm-glibc-2.5.1.tgz",
      "integrity": "sha1-Q8MkbWiSOB20c7tPZjIprSC2CaE=",
      "cpu": [
        "arm"
      ],
      "license": "MIT",
      "optional": true,
      "os": [
        "linux"
      ],
      "engines": {
        "node": ">= 10.0.0"
      },
      "funding": {
        "type": "opencollective",
        "url": "https://opencollective.com/parcel"
      }
    },
    "node_modules/@parcel/watcher-linux-arm-musl": {
      "version": "2.5.1",
      "resolved": "https://artifactory.s.o3.ru/artifactory/api/npm/npm-all-virtual/@parcel/watcher-linux-arm-musl/-/watcher-linux-arm-musl-2.5.1.tgz",
      "integrity": "sha1-ZjdQ9wkLtieNIhDeZD64o/eA0I4=",
      "cpu": [
        "arm"
      ],
      "license": "MIT",
      "optional": true,
      "os": [
        "linux"
      ],
      "engines": {
        "node": ">= 10.0.0"
      },
      "funding": {
        "type": "opencollective",
        "url": "https://opencollective.com/parcel"
      }
    },
    "node_modules/@parcel/watcher-linux-arm64-glibc": {
      "version": "2.5.1",
      "resolved": "https://artifactory.s.o3.ru/artifactory/api/npm/npm-all-virtual/@parcel/watcher-linux-arm64-glibc/-/watcher-linux-arm64-glibc-2.5.1.tgz",
      "integrity": "sha1-umDh9Wl39+R81+Ma1l0V/cvQfjA=",
      "cpu": [
        "arm64"
      ],
      "license": "MIT",
      "optional": true,
      "os": [
        "linux"
      ],
      "engines": {
        "node": ">= 10.0.0"
      },
      "funding": {
        "type": "opencollective",
        "url": "https://opencollective.com/parcel"
      }
    },
    "node_modules/@parcel/watcher-linux-arm64-musl": {
      "version": "2.5.1",
      "resolved": "https://artifactory.s.o3.ru/artifactory/api/npm/npm-all-virtual/@parcel/watcher-linux-arm64-musl/-/watcher-linux-arm64-musl-2.5.1.tgz",
      "integrity": "sha1-9/vN/y8ExSb5bqwB+XQZpqmYVdI=",
      "cpu": [
        "arm64"
      ],
      "license": "MIT",
      "optional": true,
      "os": [
        "linux"
      ],
      "engines": {
        "node": ">= 10.0.0"
      },
      "funding": {
        "type": "opencollective",
        "url": "https://opencollective.com/parcel"
      }
    },
    "node_modules/@parcel/watcher-linux-x64-glibc": {
      "version": "2.5.1",
      "resolved": "https://artifactory.s.o3.ru/artifactory/api/npm/npm-all-virtual/@parcel/watcher-linux-x64-glibc/-/watcher-linux-x64-glibc-2.5.1.tgz",
      "integrity": "sha1-TS6g9jPrGRfYPUgzks5hgbapLk4=",
      "cpu": [
        "x64"
      ],
      "license": "MIT",
      "optional": true,
      "os": [
        "linux"
      ],
      "engines": {
        "node": ">= 10.0.0"
      },
      "funding": {
        "type": "opencollective",
        "url": "https://opencollective.com/parcel"
      }
    },
    "node_modules/@parcel/watcher-linux-x64-musl": {
      "version": "2.5.1",
      "resolved": "https://artifactory.s.o3.ru/artifactory/api/npm/npm-all-virtual/@parcel/watcher-linux-x64-musl/-/watcher-linux-x64-musl-2.5.1.tgz",
      "integrity": "sha1-J3s0awXbVPVWVzAd13vfmdY2Bu4=",
      "cpu": [
        "x64"
      ],
      "license": "MIT",
      "optional": true,
      "os": [
        "linux"
      ],
      "engines": {
        "node": ">= 10.0.0"
      },
      "funding": {
        "type": "opencollective",
        "url": "https://opencollective.com/parcel"
      }
    },
    "node_modules/@parcel/watcher-win32-arm64": {
      "version": "2.5.1",
      "resolved": "https://artifactory.s.o3.ru/artifactory/api/npm/npm-all-virtual/@parcel/watcher-win32-arm64/-/watcher-win32-arm64-2.5.1.tgz",
      "integrity": "sha1-fp4ComeE1HUD3h0Q6Oq2zOtSQkM=",
      "cpu": [
        "arm64"
      ],
      "license": "MIT",
      "optional": true,
      "os": [
        "win32"
      ],
      "engines": {
        "node": ">= 10.0.0"
      },
      "funding": {
        "type": "opencollective",
        "url": "https://opencollective.com/parcel"
      }
    },
    "node_modules/@parcel/watcher-win32-ia32": {
      "version": "2.5.1",
      "resolved": "https://artifactory.s.o3.ru/artifactory/api/npm/npm-all-virtual/@parcel/watcher-win32-ia32/-/watcher-win32-ia32-2.5.1.tgz",
      "integrity": "sha1-LQ+U+lmoc83FhL9/ax3GKN35duY=",
      "cpu": [
        "ia32"
      ],
      "license": "MIT",
      "optional": true,
      "os": [
        "win32"
      ],
      "engines": {
        "node": ">= 10.0.0"
      },
      "funding": {
        "type": "opencollective",
        "url": "https://opencollective.com/parcel"
      }
    },
    "node_modules/@parcel/watcher-win32-x64": {
      "version": "2.5.1",
      "resolved": "https://artifactory.s.o3.ru/artifactory/api/npm/npm-all-virtual/@parcel/watcher-win32-x64/-/watcher-win32-x64-2.5.1.tgz",
      "integrity": "sha1-rlJpMllmS6byIo+mHX7kS2TqCUc=",
      "cpu": [
        "x64"
      ],
      "license": "MIT",
      "optional": true,
      "os": [
        "win32"
      ],
      "engines": {
        "node": ">= 10.0.0"
      },
      "funding": {
        "type": "opencollective",
        "url": "https://opencollective.com/parcel"
      }
    },
    "node_modules/@tailwindcss/cli": {
      "version": "4.1.10",
      "resolved": "https://artifactory.s.o3.ru/artifactory/api/npm/npm-all-virtual/@tailwindcss/cli/-/cli-4.1.10.tgz",
      "integrity": "sha1-sAmte2GZ14zToV38HpSCGLonWy4=",
      "license": "MIT",
      "dependencies": {
        "@parcel/watcher": "^2.5.1",
        "@tailwindcss/node": "4.1.10",
        "@tailwindcss/oxide": "4.1.10",
        "enhanced-resolve": "^5.18.1",
        "mri": "^1.2.0",
        "picocolors": "^1.1.1",
        "tailwindcss": "4.1.10"
      },
      "bin": {
        "tailwindcss": "dist/index.mjs"
      }
    },
    "node_modules/@tailwindcss/cli/node_modules/tailwindcss": {
      "version": "4.1.10",
      "resolved": "https://artifactory.s.o3.ru/artifactory/api/npm/npm-all-virtual/tailwindcss/-/tailwindcss-4.1.10.tgz",
      "integrity": "sha1-UVdBsKeTFtGXHRgvf7xDW2hnk3M=",
      "license": "MIT"
    },
    "node_modules/@tailwindcss/node": {
      "version": "4.1.10",
      "resolved": "https://artifactory.s.o3.ru/artifactory/api/npm/npm-all-virtual/@tailwindcss/node/-/node-4.1.10.tgz",
      "integrity": "sha1-elOiJM3XmpJu2ZC7+Xx03p2t9ZU=",
      "license": "MIT",
      "dependencies": {
        "@ampproject/remapping": "^2.3.0",
        "enhanced-resolve": "^5.18.1",
        "jiti": "^2.4.2",
        "lightningcss": "1.30.1",
        "magic-string": "^0.30.17",
        "source-map-js": "^1.2.1",
        "tailwindcss": "4.1.10"
      }
    },
    "node_modules/@tailwindcss/node/node_modules/tailwindcss": {
      "version": "4.1.10",
      "resolved": "https://artifactory.s.o3.ru/artifactory/api/npm/npm-all-virtual/tailwindcss/-/tailwindcss-4.1.10.tgz",
      "integrity": "sha1-UVdBsKeTFtGXHRgvf7xDW2hnk3M=",
      "license": "MIT"
    },
    "node_modules/@tailwindcss/oxide": {
      "version": "4.1.10",
      "resolved": "https://artifactory.s.o3.ru/artifactory/api/npm/npm-all-virtual/@tailwindcss/oxide/-/oxide-4.1.10.tgz",
      "integrity": "sha1-uK1q5ni1S7UzwgdAkqreusCm2P4=",
      "hasInstallScript": true,
      "license": "MIT",
      "dependencies": {
        "detect-libc": "^2.0.4",
        "tar": "^7.4.3"
      },
      "engines": {
        "node": ">= 10"
      },
      "optionalDependencies": {
        "@tailwindcss/oxide-android-arm64": "4.1.10",
        "@tailwindcss/oxide-darwin-arm64": "4.1.10",
        "@tailwindcss/oxide-darwin-x64": "4.1.10",
        "@tailwindcss/oxide-freebsd-x64": "4.1.10",
        "@tailwindcss/oxide-linux-arm-gnueabihf": "4.1.10",
        "@tailwindcss/oxide-linux-arm64-gnu": "4.1.10",
        "@tailwindcss/oxide-linux-arm64-musl": "4.1.10",
        "@tailwindcss/oxide-linux-x64-gnu": "4.1.10",
        "@tailwindcss/oxide-linux-x64-musl": "4.1.10",
        "@tailwindcss/oxide-wasm32-wasi": "4.1.10",
        "@tailwindcss/oxide-win32-arm64-msvc": "4.1.10",
        "@tailwindcss/oxide-win32-x64-msvc": "4.1.10"
      }
    },
    "node_modules/@tailwindcss/oxide-android-arm64": {
      "version": "4.1.10",
      "resolved": "https://artifactory.s.o3.ru/artifactory/api/npm/npm-all-virtual/@tailwindcss/oxide-android-arm64/-/oxide-android-arm64-4.1.10.tgz",
      "integrity": "sha1-rQ88v6IZ4e5fyK1xcIhf7aOXxOM=",
      "cpu": [
        "arm64"
      ],
      "license": "MIT",
      "optional": true,
      "os": [
        "android"
      ],
      "engines": {
        "node": ">= 10"
      }
    },
    "node_modules/@tailwindcss/oxide-darwin-arm64": {
      "version": "4.1.10",
      "resolved": "https://artifactory.s.o3.ru/artifactory/api/npm/npm-all-virtual/@tailwindcss/oxide-darwin-arm64/-/oxide-darwin-arm64-4.1.10.tgz",
      "integrity": "sha1-2NdE+TMQtFzhZCCprd0cQymEiSk=",
      "cpu": [
        "arm64"
      ],
      "license": "MIT",
      "optional": true,
      "os": [
        "darwin"
      ],
      "engines": {
        "node": ">= 10"
      }
    },
    "node_modules/@tailwindcss/oxide-darwin-x64": {
      "version": "4.1.10",
      "resolved": "https://artifactory.s.o3.ru/artifactory/api/npm/npm-all-virtual/@tailwindcss/oxide-darwin-x64/-/oxide-darwin-x64-4.1.10.tgz",
      "integrity": "sha1-R2SQ0flVkqCYAaU7SEZuUGXXVT8=",
      "cpu": [
        "x64"
      ],
      "license": "MIT",
      "optional": true,
      "os": [
        "darwin"
      ],
      "engines": {
        "node": ">= 10"
      }
    },
    "node_modules/@tailwindcss/oxide-freebsd-x64": {
      "version": "4.1.10",
      "resolved": "https://artifactory.s.o3.ru/artifactory/api/npm/npm-all-virtual/@tailwindcss/oxide-freebsd-x64/-/oxide-freebsd-x64-4.1.10.tgz",
      "integrity": "sha1-e3zLgTWSIJIW7TkYfrhRDOa0/J0=",
      "cpu": [
        "x64"
      ],
      "license": "MIT",
      "optional": true,
      "os": [
        "freebsd"
      ],
      "engines": {
        "node": ">= 10"
      }
    },
    "node_modules/@tailwindcss/oxide-linux-arm-gnueabihf": {
      "version": "4.1.10",
      "resolved": "https://artifactory.s.o3.ru/artifactory/api/npm/npm-all-virtual/@tailwindcss/oxide-linux-arm-gnueabihf/-/oxide-linux-arm-gnueabihf-4.1.10.tgz",
      "integrity": "sha1-nyI8eZTahGufPHCsC1cTNxybOzI=",
      "cpu": [
        "arm"
      ],
      "license": "MIT",
      "optional": true,
      "os": [
        "linux"
      ],
      "engines": {
        "node": ">= 10"
      }
    },
    "node_modules/@tailwindcss/oxide-linux-arm64-gnu": {
      "version": "4.1.10",
      "resolved": "https://artifactory.s.o3.ru/artifactory/api/npm/npm-all-virtual/@tailwindcss/oxide-linux-arm64-gnu/-/oxide-linux-arm64-gnu-4.1.10.tgz",
      "integrity": "sha1-WEEuajWagxRLMLQV9jelLIIH8xE=",
      "cpu": [
        "arm64"
      ],
      "license": "MIT",
      "optional": true,
      "os": [
        "linux"
      ],
      "engines": {
        "node": ">= 10"
      }
    },
    "node_modules/@tailwindcss/oxide-linux-arm64-musl": {
      "version": "4.1.10",
      "resolved": "https://artifactory.s.o3.ru/artifactory/api/npm/npm-all-virtual/@tailwindcss/oxide-linux-arm64-musl/-/oxide-linux-arm64-musl-4.1.10.tgz",
      "integrity": "sha1-PthouAGifozTWmFYVbyU/SeGpug=",
      "cpu": [
        "arm64"
      ],
      "license": "MIT",
      "optional": true,
      "os": [
        "linux"
      ],
      "engines": {
        "node": ">= 10"
      }
    },
    "node_modules/@tailwindcss/oxide-linux-x64-gnu": {
      "version": "4.1.10",
      "resolved": "https://artifactory.s.o3.ru/artifactory/api/npm/npm-all-virtual/@tailwindcss/oxide-linux-x64-gnu/-/oxide-linux-x64-gnu-4.1.10.tgz",
      "integrity": "sha1-rKFcxM+dzWh+2g9c0rwfS/tIVWI=",
      "cpu": [
        "x64"
      ],
      "license": "MIT",
      "optional": true,
      "os": [
        "linux"
      ],
      "engines": {
        "node": ">= 10"
      }
    },
    "node_modules/@tailwindcss/oxide-linux-x64-musl": {
      "version": "4.1.10",
      "resolved": "https://artifactory.s.o3.ru/artifactory/api/npm/npm-all-virtual/@tailwindcss/oxide-linux-x64-musl/-/oxide-linux-x64-musl-4.1.10.tgz",
      "integrity": "sha1-DHfR6U5Jmp+FyAAT5gUt2Y08/uQ=",
      "cpu": [
        "x64"
      ],
      "license": "MIT",
      "optional": true,
      "os": [
        "linux"
      ],
      "engines": {
        "node": ">= 10"
      }
    },
    "node_modules/@tailwindcss/oxide-wasm32-wasi": {
      "version": "4.1.10",
      "resolved": "https://artifactory.s.o3.ru/artifactory/api/npm/npm-all-virtual/@tailwindcss/oxide-wasm32-wasi/-/oxide-wasm32-wasi-4.1.10.tgz",
      "integrity": "sha1-bnSUJNtPbgdjcaZtp8Ta8fzU+d8=",
      "bundleDependencies": [
        "@napi-rs/wasm-runtime",
        "@emnapi/core",
        "@emnapi/runtime",
        "@tybys/wasm-util",
        "@emnapi/wasi-threads",
        "tslib"
      ],
      "cpu": [
        "wasm32"
      ],
      "license": "MIT",
      "optional": true,
      "dependencies": {
        "@emnapi/core": "^1.4.3",
        "@emnapi/runtime": "^1.4.3",
        "@emnapi/wasi-threads": "^1.0.2",
        "@napi-rs/wasm-runtime": "^0.2.10",
        "@tybys/wasm-util": "^0.9.0",
        "tslib": "^2.8.0"
      },
      "engines": {
        "node": ">=14.0.0"
      }
    },
    "node_modules/@tailwindcss/oxide-win32-arm64-msvc": {
      "version": "4.1.10",
      "resolved": "https://artifactory.s.o3.ru/artifactory/api/npm/npm-all-virtual/@tailwindcss/oxide-win32-arm64-msvc/-/oxide-win32-arm64-msvc-4.1.10.tgz",
      "integrity": "sha1-4WY7WpVCXw9Fj2Fjme2fZwfUp4Y=",
      "cpu": [
        "arm64"
      ],
      "license": "MIT",
      "optional": true,
      "os": [
        "win32"
      ],
      "engines": {
        "node": ">= 10"
      }
    },
    "node_modules/@tailwindcss/oxide-win32-x64-msvc": {
      "version": "4.1.10",
      "resolved": "https://artifactory.s.o3.ru/artifactory/api/npm/npm-all-virtual/@tailwindcss/oxide-win32-x64-msvc/-/oxide-win32-x64-msvc-4.1.10.tgz",
      "integrity": "sha1-3j1OizjDHK8lIq0Mbw7961A0/JU=",
      "cpu": [
        "x64"
      ],
      "license": "MIT",
      "optional": true,
      "os": [
        "win32"
      ],
      "engines": {
        "node": ">= 10"
      }
    },
    "node_modules/@tailwindcss/oxide/node_modules/detect-libc": {
      "version": "2.1.2",
      "resolved": "https://artifactory.s.o3.ru/artifactory/api/npm/npm-all-virtual/detect-libc/-/detect-libc-2.1.2.tgz",
      "integrity": "sha1-aJxdzcGQDvVYOky59te0c3QgdK0=",
      "license": "Apache-2.0",
      "engines": {
        "node": ">=8"
      }
    },
    "node_modules/braces": {
      "version": "3.0.3",
      "resolved": "https://artifactory.s.o3.ru/artifactory/api/npm/npm-all-virtual/braces/-/braces-3.0.3.tgz",
      "integrity": "sha1-SQMy9AkZRSJy1VqEgK3AxEE1h4k=",
      "license": "MIT",
      "dependencies": {
        "fill-range": "^7.1.1"
      },
      "engines": {
        "node": ">=8"
      }
    },
    "node_modules/chownr": {
      "version": "3.0.0",
      "resolved": "https://artifactory.s.o3.ru/artifactory/api/npm/npm-all-virtual/chownr/-/chownr-3.0.0.tgz",
      "integrity": "sha1-mFXmTs0kCpzEJnzopKpdJKHaFeQ=",
      "license": "BlueOak-1.0.0",
      "engines": {
        "node": ">=18"
      }
    },
    "node_modules/daisyui": {
      "version": "5.0.37",
      "resolved": "https://artifactory.s.o3.ru/artifactory/api/npm/npm-all-virtual/daisyui/-/daisyui-5.0.37.tgz",
      "integrity": "sha1-0KQ1GJQ82hUDeDM8+tzizcRpYZA=",
      "dev": true,
      "license": "MIT",
      "funding": {
        "url": "https://github.com/saadeghi/daisyui?sponsor=1"
      }
    },
    "node_modules/detect-libc": {
      "version": "1.0.3",
      "resolved": "https://artifactory.s.o3.ru/artifactory/api/npm/npm-all-virtual/detect-libc/-/detect-libc-1.0.3.tgz",
      "integrity": "sha1-+hN8S9aY7fVc1c0CrFWfkaTEups=",
      "license": "Apache-2.0",
      "bin": {
        "detect-libc": "bin/detect-libc.js"
      },
      "engines": {
        "node": ">=0.10"
      }
    },
    "node_modules/enhanced-resolve": {
      "version": "5.18.3",
      "resolved": "https://artifactory.s.o3.ru/artifactory/api/npm/npm-all-virtual/enhanced-resolve/-/enhanced-resolve-5.18.3.tgz",
      "integrity": "sha1-m19MXAdrh4fHj+VAOSznaoiFW0Q=",
      "license": "MIT",
      "dependencies": {
        "graceful-fs": "^4.2.4",
        "tapable": "^2.2.0"
      },
      "engines": {
        "node": ">=10.13.0"
      }
    },
    "node_modules/fill-range": {
      "version": "7.1.1",
      "resolved": "https://artifactory.s.o3.ru/artifactory/api/npm/npm-all-virtual/fill-range/-/fill-range-7.1.1.tgz",
      "integrity": "sha1-RCZdPKwH4+p9wkdRY4BkN1SgUpI=",
      "license": "MIT",
      "dependencies": {
        "to-regex-range": "^5.0.1"
      },
      "engines": {
        "node": ">=8"
      }
    },
    "node_modules/graceful-fs": {
      "version": "4.2.11",
      "resolved": "https://artifactory.s.o3.ru/artifactory/api/npm/npm-all-virtual/graceful-fs/-/graceful-fs-4.2.11.tgz",
      "integrity": "sha1-QYPk6L8Iu24Fu7L30uDI9xLKQOM=",
      "license": "ISC"
    },
    "node_modules/is-extglob": {
      "version": "2.1.1",
      "resolved": "https://artifactory.s.o3.ru/artifactory/api/npm/npm-all-virtual/is-extglob/-/is-extglob-2.1.1.tgz",
      "integrity": "sha1-qIwCU1eR8C7TfHahueqXc8gz+MI=",
      "license": "MIT",
      "engines": {
        "node": ">=0.10.0"
      }
    },
    "node_modules/is-glob": {
      "version": "4.0.3",
      "resolved": "https://artifactory.s.o3.ru/artifactory/api/npm/npm-all-virtual/is-glob/-/is-glob-4.0.3.tgz",
      "integrity": "sha1-ZPYeQsu7LuwgcanawLKLoeZdUIQ=",
      "license": "MIT",
      "dependencies": {
        "is-extglob": "^2.1.1"
      },
      "engines": {
        "node": ">=0.10.0"
      }
    },
    "node_modules/is-number": {
      "version": "7.0.0",
      "resolved": "https://artifactory.s.o3.ru/artifactory/api/npm/npm-all-virtual/is-number/-/is-number-7.0.0.tgz",
      "integrity": "sha1-dTU0W4lnNNX4DE0GxQlVUnoU8Ss=",
      "license": "MIT",
      "engines": {
        "node": ">=0.12.0"
      }
    },
    "node_modules/jiti": {
      "version": "2.6.1",
      "resolved": "https://artifactory.s.o3.ru/artifactory/api/npm/npm-all-virtual/jiti/-/jiti-2.6.1.tgz",
      "integrity": "sha1-F47y/JoaWUJIwgYnzYIBh6TXjZI=",
      "license": "MIT",
      "bin": {
        "jiti": "lib/jiti-cli.mjs"
      }
    },
    "node_modules/lightningcss": {
      "version": "1.30.1",
      "resolved": "https://artifactory.s.o3.ru/artifactory/api/npm/npm-all-virtual/lightningcss/-/lightningcss-1.30.1.tgz",
      "integrity": "sha1-eOl5wtWVv8uQ0qjA62Mv5sW/7V0=",
      "license": "MPL-2.0",
      "dependencies": {
        "detect-libc": "^2.0.3"
      },
      "engines": {
        "node": ">= 12.0.0"
      },
      "funding": {
        "type": "opencollective",
        "url": "https://opencollective.com/parcel"
      },
      "optionalDependencies": {
        "lightningcss-darwin-arm64": "1.30.1",
        "lightningcss-darwin-x64": "1.30.1",
        "lightningcss-freebsd-x64": "1.30.1",
        "lightningcss-linux-arm-gnueabihf": "1.30.1",
        "lightningcss-linux-arm64-gnu": "1.30.1",
        "lightningcss-linux-arm64-musl": "1.30.1",
        "lightningcss-linux-x64-gnu": "1.30.1",
        "lightningcss-linux-x64-musl": "1.30.1",
        "lightningcss-win32-arm64-msvc": "1.30.1",
        "lightningcss-win32-x64-msvc": "1.30.1"
      }
    },
    "node_modules/lightningcss-darwin-arm64": {
      "version": "1.30.1",
      "resolved": "https://artifactory.s.o3.ru/artifactory/api/npm/npm-all-virtual/lightningcss-darwin-arm64/-/lightningcss-darwin-arm64-1.30.1.tgz",
      "integrity": "sha1-PUfOXiIblWfHA5UO3yUpyko3AK4=",
      "cpu": [
        "arm64"
      ],
      "license": "MPL-2.0",
      "optional": true,
      "os": [
        "darwin"
      ],
      "engines": {
        "node": ">= 12.0.0"
      },
      "funding": {
        "type": "opencollective",
        "url": "https://opencollective.com/parcel"
      }
    },
    "node_modules/lightningcss-darwin-x64": {
      "version": "1.30.1",
      "resolved": "https://artifactory.s.o3.ru/artifactory/api/npm/npm-all-virtual/lightningcss-darwin-x64/-/lightningcss-darwin-x64-1.30.1.tgz",
      "integrity": "sha512-k1EvjakfumAQoTfcXUcHQZhSpLlkAuEkdMBsI/ivWw9hL+7FtilQc0Cy3hrx0AAQrVtQAbMI7YjCgYgvn37PzA==",
      "cpu": [
        "x64"
      ],
      "license": "MPL-2.0",
      "optional": true,
      "os": [
        "darwin"
      ],
      "engines": {
        "node": ">= 12.0.0"
      },
      "funding": {
        "type": "opencollective",
        "url": "https://opencollective.com/parcel"
      }
    },
    "node_modules/lightningcss-freebsd-x64": {
      "version": "1.30.1",
      "resolved": "https://artifactory.s.o3.ru/artifactory/api/npm/npm-all-virtual/lightningcss-freebsd-x64/-/lightningcss-freebsd-x64-1.30.1.tgz",
      "integrity": "sha512-kmW6UGCGg2PcyUE59K5r0kWfKPAVy4SltVeut+umLCFoJ53RdCUWxcRDzO1eTaxf/7Q2H7LTquFHPL5R+Gjyig==",
      "cpu": [
        "x64"
      ],
      "license": "MPL-2.0",
      "optional": true,
      "os": [
        "freebsd"
      ],
      "engines": {
        "node": ">= 12.0.0"
      },
      "funding": {
        "type": "opencollective",
        "url": "https://opencollective.com/parcel"
      }
    },
    "node_modules/lightningcss-linux-arm-gnueabihf": {
      "version": "1.30.1",
      "resolved": "https://artifactory.s.o3.ru/artifactory/api/npm/npm-all-virtual/lightningcss-linux-arm-gnueabihf/-/lightningcss-linux-arm-gnueabihf-1.30.1.tgz",
      "integrity": "sha512-MjxUShl1v8pit+6D/zSPq9S9dQ2NPFSQwGvxBCYaBYLPlCWuPh9/t1MRS8iUaR8i+a6w7aps+B4N0S1TYP/R+Q==",
      "cpu": [
        "arm"
      ],
      "license": "MPL-2.0",
      "optional": true,
      "os": [
        "linux"
      ],
      "engines": {
        "node": ">= 12.0.0"
      },
      "funding": {
        "type": "opencollective",
        "url": "https://opencollective.com/parcel"
      }
    },
    "node_modules/lightningcss-linux-arm64-gnu": {
      "version": "1.30.1",
      "resolved": "https://artifactory.s.o3.ru/artifactory/api/npm/npm-all-virtual/lightningcss-linux-arm64-gnu/-/lightningcss-linux-arm64-gnu-1.30.1.tgz",
      "integrity": "sha512-gB72maP8rmrKsnKYy8XUuXi/4OctJiuQjcuqWNlJQ6jZiWqtPvqFziskH3hnajfvKB27ynbVCucKSm2rkQp4Bw==",
      "cpu": [
        "arm64"
      ],
      "license": "MPL-2.0",
      "optional": true,
      "os": [
        "linux"
      ],
      "engines": {
        "node": ">= 12.0.0"
      },
      "funding": {
        "type": "opencollective",
        "url": "https://opencollective.com/parcel"
      }
    },
    "node_modules/lightningcss-linux-arm64-musl": {
      "version": "1.30.1",
      "resolved": "https://artifactory.s.o3.ru/artifactory/api/npm/npm-all-virtual/lightningcss-linux-arm64-musl/-/lightningcss-linux-arm64-musl-1.30.1.tgz",
      "integrity": "sha512-jmUQVx4331m6LIX+0wUhBbmMX7TCfjF5FoOH6SD1CttzuYlGNVpA7QnrmLxrsub43ClTINfGSYyHe2HWeLl5CQ==",
      "cpu": [
        "arm64"
      ],
      "license": "MPL-2.0",
      "optional": true,
      "os": [
        "linux"
      ],
      "engines": {
        "node": ">= 12.0.0"
      },
      "funding": {
        "type": "opencollective",
        "url": "https://opencollective.com/parcel"
      }
    },
    "node_modules/lightningcss-linux-x64-gnu": {
      "version": "1.30.1",
      "resolved": "https://artifactory.s.o3.ru/artifactory/api/npm/npm-all-virtual/lightningcss-linux-x64-gnu/-/lightningcss-linux-x64-gnu-1.30.1.tgz",
      "integrity": "sha1-L8cJYiS8AA67l+6pSuokjFsOsVc=",
      "cpu": [
        "x64"
      ],
      "license": "MPL-2.0",
      "optional": true,
      "os": [
        "linux"
      ],
      "engines": {
        "node": ">= 12.0.0"
      },
      "funding": {
        "type": "opencollective",
        "url": "https://opencollective.com/parcel"
      }
    },
    "node_modules/lightningcss-linux-x64-musl": {
      "version": "1.30.1",
      "resolved": "https://artifactory.s.o3.ru/artifactory/api/npm/npm-all-virtual/lightningcss-linux-x64-musl/-/lightningcss-linux-x64-musl-1.30.1.tgz",
      "integrity": "sha1-ZtyisVn9gZ6oMsRIldB+WzHXXyY=",
      "cpu": [
        "x64"
      ],
      "license": "MPL-2.0",
      "optional": true,
      "os": [
        "linux"
      ],
      "engines": {
        "node": ">= 12.0.0"
      },
      "funding": {
        "type": "opencollective",
        "url": "https://opencollective.com/parcel"
      }
    },
    "node_modules/lightningcss-win32-arm64-msvc": {
      "version": "1.30.1",
      "resolved": "https://artifactory.s.o3.ru/artifactory/api/npm/npm-all-virtual/lightningcss-win32-arm64-msvc/-/lightningcss-win32-arm64-msvc-1.30.1.tgz",
      "integrity": "sha512-mSL4rqPi4iXq5YVqzSsJgMVFENoa4nGTT/GjO2c0Yl9OuQfPsIfncvLrEW6RbbB24WtZ3xP/2CCmI3tNkNV4oA==",
      "cpu": [
        "arm64"
      ],
      "license": "MPL-2.0",
      "optional": true,
      "os": [
        "win32"
      ],
      "engines": {
        "node": ">= 12.0.0"
      },
      "funding": {
        "type": "opencollective",
        "url": "https://opencollective.com/parcel"
      }
    },
    "node_modules/lightningcss-win32-x64-msvc": {
      "version": "1.30.1",
      "resolved": "https://artifactory.s.o3.ru/artifactory/api/npm/npm-all-virtual/lightningcss-win32-x64-msvc/-/lightningcss-win32-x64-msvc-1.30.1.tgz",
      "integrity": "sha1-/X3QCOqYSUuF0ktL6gFnk/Lg41I=",
      "cpu": [
        "x64"
      ],
      "license": "MPL-2.0",
      "optional": true,
      "os": [
        "win32"
      ],
      "engines": {
        "node": ">= 12.0.0"
      },
      "funding": {
        "type": "opencollective",
        "url": "https://opencollective.com/parcel"
      }
    },
    "node_modules/lightningcss/node_modules/detect-libc": {
      "version": "2.1.2",
      "resolved": "https://artifactory.s.o3.ru/artifactory/api/npm/npm-all-virtual/detect-libc/-/detect-libc-2.1.2.tgz",
      "integrity": "sha1-aJxdzcGQDvVYOky59te0c3QgdK0=",
      "license": "Apache-2.0",
      "engines": {
        "node": ">=8"
      }
    },
    "node_modules/magic-string": {
      "version": "0.30.21",
      "resolved": "https://artifactory.s.o3.ru/artifactory/api/npm/npm-all-virtual/magic-string/-/magic-string-0.30.21.tgz",
      "integrity": "sha1-VnY+wJoPqAkd8nh5/ZTRkHjADZE=",
      "license": "MIT",
      "dependencies": {
        "@jridgewell/sourcemap-codec": "^1.5.5"
      }
    },
    "node_modules/micromatch": {
      "version": "4.0.8",
      "resolved": "https://artifactory.s.o3.ru/artifactory/api/npm/npm-all-virtual/micromatch/-/micromatch-4.0.8.tgz",
      "integrity": "sha1-1m+hjzpHB2eJMgubGvMr2G2fogI=",
      "license": "MIT",
      "dependencies": {
        "braces": "^3.0.3",
        "picomatch": "^2.3.1"
      },
      "engines": {
        "node": ">=8.6"
      }
    },
    "node_modules/minipass": {
      "version": "7.1.2",
      "resolved": "https://artifactory.s.o3.ru/artifactory/api/npm/npm-all-virtual/minipass/-/minipass-7.1.2.tgz",
      "integrity": "sha1-k6libOXl5mvU24aEnnUV6SNApwc=",
      "license": "ISC",
      "engines": {
        "node": ">=16 || 14 >=14.17"
      }
    },
    "node_modules/minizlib": {
      "version": "3.1.0",
      "resolved": "https://artifactory.s.o3.ru/artifactory/api/npm/npm-all-virtual/minizlib/-/minizlib-3.1.0.tgz",
      "integrity": "sha1-atdsOo8QInybUdHJrI4wsn9aJRw=",
      "license": "MIT",
      "dependencies": {
        "minipass": "^7.1.2"
      },
      "engines": {
        "node": ">= 18"
      }
    },
    "node_modules/mri": {
      "version": "1.2.0",
      "resolved": "https://artifactory.s.o3.ru/artifactory/api/npm/npm-all-virtual/mri/-/mri-1.2.0.tgz",
      "integrity": "sha1-ZyFID+wqEaSImGERWki2y+fMjws=",
      "license": "MIT",
      "engines": {
        "node": ">=4"
      }
    },
    "node_modules/node-addon-api": {
      "version": "7.1.1",
      "resolved": "https://artifactory.s.o3.ru/artifactory/api/npm/npm-all-virtual/node-addon-api/-/node-addon-api-7.1.1.tgz",
      "integrity": "sha1-Grpmk7DyVSWKBJ1iEykykyKq1Vg=",
      "license": "MIT"
    },
    "node_modules/picocolors": {
      "version": "1.1.1",
      "resolved": "https://artifactory.s.o3.ru/artifactory/api/npm/npm-all-virtual/picocolors/-/picocolors-1.1.1.tgz",
      "integrity": "sha1-PTIa8+q5ObCDyPkpodEs2oHCa2s=",
      "license": "ISC"
    },
    "node_modules/picomatch": {
      "version": "2.3.1",
      "resolved": "https://artifactory.s.o3.ru/artifactory/api/npm/npm-all-virtual/picomatch/-/picomatch-2.3.1.tgz",
      "integrity": "sha1-O6ODNzNkbZ0+SZWUbBNlpn+wekI=",
      "license": "MIT",
      "engines": {
        "node": ">=8.6"
      },
      "funding": {
        "url": "https://github.com/sponsors/jonschlinkert"
      }
    },
    "node_modules/source-map-js": {
      "version": "1.2.1",
      "resolved": "https://artifactory.s.o3.ru/artifactory/api/npm/npm-all-virtual/source-map-js/-/source-map-js-1.2.1.tgz",
      "integrity": "sha1-HOVlD93YerwJnto33P8CTCZnrkY=",
      "license": "BSD-3-Clause",
      "engines": {
        "node": ">=0.10.0"
      }
    },
    "node_modules/tailwindcss": {
      "version": "4.1.16",
      "resolved": "https://artifactory.s.o3.ru/artifactory/api/npm/npm-all-virtual/tailwindcss/-/tailwindcss-4.1.16.tgz",
      "integrity": "sha1-wyF5+Ycl61UeXBGJgTo9tDetWn8=",
      "license": "MIT"
    },
    "node_modules/tapable": {
      "version": "2.3.0",
      "resolved": "https://artifactory.s.o3.ru/artifactory/api/npm/npm-all-virtual/tapable/-/tapable-2.3.0.tgz",
      "integrity": "sha1-fj6m1coxuo4Hi1YPDYPOmhSqi+Y=",
      "license": "MIT",
      "engines": {
        "node": ">=6"
      },
      "funding": {
        "type": "opencollective",
        "url": "https://opencollective.com/webpack"
      }
    },
    "node_modules/tar": {
      "version": "7.5.1",
      "resolved": "https://artifactory.s.o3.ru/artifactory/api/npm/npm-all-virtual/tar/-/tar-7.5.1.tgz",
      "integrity": "sha1-dQqL1jt8RMGEjnv5giYKCDz3R8k=",
      "license": "ISC",
      "dependencies": {
        "@isaacs/fs-minipass": "^4.0.0",
        "chownr": "^3.0.0",
        "minipass": "^7.1.2",
        "minizlib": "^3.1.0",
        "yallist": "^5.0.0"
      },
      "engines": {
        "node": ">=18"
      }
    },
    "node_modules/to-regex-range": {
      "version": "5.0.1",
      "resolved": "https://artifactory.s.o3.ru/artifactory/api/npm/npm-all-virtual/to-regex-range/-/to-regex-range-5.0.1.tgz",
      "integrity": "sha1-FkjESq58jZiKMmAY7XL1tN0DkuQ=",
      "license": "MIT",
      "dependencies": {
        "is-number": "^7.0.0"
      },
      "engines": {
        "node": ">=8.0"
      }
    },
    "node_modules/yallist": {
      "version": "5.0.0",
      "resolved": "https://artifactory.s.o3.ru/artifactory/api/npm/npm-all-virtual/yallist/-/yallist-5.0.0.tgz",
      "integrity": "sha1-AOLeRDY57Q14/YfeDSdGn7z/tTM=",
      "license": "BlueOak-1.0.0",
      "engines": {
        "node": ">=18"
      }
    }
  }
}
